
Microsoft Visual Studio Solution File, Format Version 12.00
# Visual Studio Version 16
VisualStudioVersion = 16.0.29519.87
MinimumVisualStudioVersion = 10.0.40219.1
Project("{FAE04EC0-301F-11D3-BF4B-00C04F79EFBC}") = "Opdracht3", "Opdracht3\Opdracht3.csproj", "{EC24D726-CC32-4758-A1A6-FB543ECE37D2}"
EndProject
Global
	GlobalSection(SolutionConfigurationPlatforms) = preSolution
		Debug|Any CPU = Debug|Any CPU
		Release|Any CPU = Release|Any CPU
	EndGlobalSection
	GlobalSection(ProjectConfigurationPlatforms) = postSolution
		{EC24D726-CC32-4758-A1A6-FB543ECE37D2}.Debug|Any CPU.ActiveCfg = Debug|Any CPU
		{EC24D726-CC32-4758-A1A6-FB543ECE37D2}.Debug|Any CPU.Build.0 = Debug|Any CPU
		{EC24D726-CC32-4758-A1A6-FB543ECE37D2}.Release|Any CPU.ActiveCfg = Release|Any CPU
		{EC24D726-CC32-4758-A1A6-FB543ECE37D2}.Release|Any CPU.Build.0 = Release|Any CPU
	EndGlobalSection
	GlobalSection(SolutionProperties) = preSolution
		HideSolutionNode = FALSE
	EndGlobalSection
	GlobalSection(ExtensibilityGlobals) = postSolution
		SolutionGuid = {68FE964C-BAB2-4F97-9494-28E206E4C200}
	EndGlobalSection
EndGlobal
