
Microsoft Visual Studio Solution File, Format Version 12.00
# Visual Studio Version 16
VisualStudioVersion = 16.0.29509.3
MinimumVisualStudioVersion = 10.0.40219.1
Project("{FAE04EC0-301F-11D3-BF4B-00C04F79EFBC}") = "Opdracht1", "Opdracht1\Opdracht1.csproj", "{7DA8D50E-F48D-469D-8422-90CFF62545EA}"
EndProject
Global
	GlobalSection(SolutionConfigurationPlatforms) = preSolution
		Debug|Any CPU = Debug|Any CPU
		Release|Any CPU = Release|Any CPU
	EndGlobalSection
	GlobalSection(ProjectConfigurationPlatforms) = postSolution
		{7DA8D50E-F48D-469D-8422-90CFF62545EA}.Debug|Any CPU.ActiveCfg = Debug|Any CPU
		{7DA8D50E-F48D-469D-8422-90CFF62545EA}.Debug|Any CPU.Build.0 = Debug|Any CPU
		{7DA8D50E-F48D-469D-8422-90CFF62545EA}.Release|Any CPU.ActiveCfg = Release|Any CPU
		{7DA8D50E-F48D-469D-8422-90CFF62545EA}.Release|Any CPU.Build.0 = Release|Any CPU
	EndGlobalSection
	GlobalSection(SolutionProperties) = preSolution
		HideSolutionNode = FALSE
	EndGlobalSection
	GlobalSection(ExtensibilityGlobals) = postSolution
		SolutionGuid = {A1D00409-41F4-4FAC-8286-34B9167D3B89}
	EndGlobalSection
EndGlobal
